// !$*UTF8*$!
{
	archiveVersion = 1;
	classes = {
	};
	objectVersion = 50;
	objects = {

/* Begin PBXBuildFile section */
		921771B622281F4800DE9E08 /* AppDelegate.swift in Sources */ = {isa = PBXBuildFile; fileRef = 921771B522281F4800DE9E08 /* AppDelegate.swift */; };
		921771B822281F4800DE9E08 /* ViewController.swift in Sources */ = {isa = PBXBuildFile; fileRef = 921771B722281F4800DE9E08 /* ViewController.swift */; };
		921771BB22281F4800DE9E08 /* Main.storyboard in Resources */ = {isa = PBXBuildFile; fileRef = 921771B922281F4800DE9E08 /* Main.storyboard */; };
		921771BD22281F4900DE9E08 /* Assets.xcassets in Resources */ = {isa = PBXBuildFile; fileRef = 921771BC22281F4900DE9E08 /* Assets.xcassets */; };
		921771C022281F4900DE9E08 /* LaunchScreen.storyboard in Resources */ = {isa = PBXBuildFile; fileRef = 921771BE22281F4900DE9E08 /* LaunchScreen.storyboard */; };
		92CA8085222D48A300DEA0D2 /* Die Siedler V Das Erbe der Könige OST- Prophezeiungen.mp3 in Resources */ = {isa = PBXBuildFile; fileRef = 92CA8078222D489A00DEA0D2 /* Die Siedler V Das Erbe der Könige OST- Prophezeiungen.mp3 */; };
		92CA8086222D48A300DEA0D2 /* Die Siedler V Das Erbe der Könige OST- Das Heer aus dem Süden.mp3 in Resources */ = {isa = PBXBuildFile; fileRef = 92CA8079222D489B00DEA0D2 /* Die Siedler V Das Erbe der Könige OST- Das Heer aus dem Süden.mp3 */; };
		92CA8087222D48A300DEA0D2 /* Die Siedler V Das Erbe der Könige OST- Der schwarze Ritter.mp3 in Resources */ = {isa = PBXBuildFile; fileRef = 92CA807A222D489C00DEA0D2 /* Die Siedler V Das Erbe der Könige OST- Der schwarze Ritter.mp3 */; };
		92CA8088222D48A300DEA0D2 /* Die Siedler V Das Erbe der Könige OST- Norfolk.mp3 in Resources */ = {isa = PBXBuildFile; fileRef = 92CA807B222D489C00DEA0D2 /* Die Siedler V Das Erbe der Könige OST- Norfolk.mp3 */; };
		92CA8089222D48A300DEA0D2 /* Die Siedler V Das Erbe der Könige OST- Die Festung im schnee.mp3 in Resources */ = {isa = PBXBuildFile; fileRef = 92CA807C222D489D00DEA0D2 /* Die Siedler V Das Erbe der Könige OST- Die Festung im schnee.mp3 */; };
		92CA808A222D48A300DEA0D2 /* Die Siedler V Das Erbe der Könige OST- Reise gen Süden.mp3 in Resources */ = {isa = PBXBuildFile; fileRef = 92CA807D222D489E00DEA0D2 /* Die Siedler V Das Erbe der Könige OST- Reise gen Süden.mp3 */; };
		92CA808B222D48A300DEA0D2 /* Die Siedler V Das Erbe der Könige OST- Arbeit und Aufbau.mp3 in Resources */ = {isa = PBXBuildFile; fileRef = 92CA807E222D489F00DEA0D2 /* Die Siedler V Das Erbe der Könige OST- Arbeit und Aufbau.mp3 */; };
		92CA808C222D48A300DEA0D2 /* Die Siedler V Das Erbe der Könige OST- Willkommen in Cleycourt.mp3 in Resources */ = {isa = PBXBuildFile; fileRef = 92CA807F222D489F00DEA0D2 /* Die Siedler V Das Erbe der Könige OST- Willkommen in Cleycourt.mp3 */; };
		92CA808D222D48A300DEA0D2 /* Die Siedler V Das Erbe der Könige OST- Evelance.mp3 in Resources */ = {isa = PBXBuildFile; fileRef = 92CA8080222D48A000DEA0D2 /* Die Siedler V Das Erbe der Könige OST- Evelance.mp3 */; };
		92CA808E222D48A300DEA0D2 /* Die Siedler V Das Erbe der Könige OST- Darios Erbe.mp3 in Resources */ = {isa = PBXBuildFile; fileRef = 92CA8081222D48A100DEA0D2 /* Die Siedler V Das Erbe der Könige OST- Darios Erbe.mp3 */; };
		92CA808F222D48A300DEA0D2 /* Die Siedler V Das Erbe der Könige OST- Der Königliche Hof.mp3 in Resources */ = {isa = PBXBuildFile; fileRef = 92CA8082222D48A100DEA0D2 /* Die Siedler V Das Erbe der Könige OST- Der Königliche Hof.mp3 */; };
		92CA8090222D48A300DEA0D2 /* Die Siedler V Das Erbe der Könige OST- Im sicheren Hafen.mp3 in Resources */ = {isa = PBXBuildFile; fileRef = 92CA8083222D48A200DEA0D2 /* Die Siedler V Das Erbe der Könige OST- Im sicheren Hafen.mp3 */; };
		92CA8091222D48A300DEA0D2 /* Die Siedler V Das Erbe der Könige OST- Mary de Mortifechet.mp3 in Resources */ = {isa = PBXBuildFile; fileRef = 92CA8084222D48A300DEA0D2 /* Die Siedler V Das Erbe der Könige OST- Mary de Mortifechet.mp3 */; };
		92E34D4C222D219C006B954C /* Die Siedler V Das Erbe der Könige OST- Dario.mp3 in Resources */ = {isa = PBXBuildFile; fileRef = 92E34D4B222D219C006B954C /* Die Siedler V Das Erbe der Könige OST- Dario.mp3 */; };
		92E34D4E222D2D5B006B954C /* Die Siedler V Das Erbe der Könige OST- Das Erbe der Könige.mp3 in Resources */ = {isa = PBXBuildFile; fileRef = 92E34D4D222D2D5B006B954C /* Die Siedler V Das Erbe der Könige OST- Das Erbe der Könige.mp3 */; };
		92E34D50222D2D9B006B954C /* Die Siedler V Das Erbe der Könige OST- Ein Dorf in Trümmern.mp3 in Resources */ = {isa = PBXBuildFile; fileRef = 92E34D4F222D2D9B006B954C /* Die Siedler V Das Erbe der Könige OST- Ein Dorf in Trümmern.mp3 */; };
		92E34D52222D33BB006B954C /* UIView-Extension.swift in Sources */ = {isa = PBXBuildFile; fileRef = 92E34D51222D33BB006B954C /* UIView-Extension.swift */; };
/* End PBXBuildFile section */

/* Begin PBXFileReference section */
		921771B222281F4800DE9E08 /* SinglePhotoApp.app */ = {isa = PBXFileReference; explicitFileType = wrapper.application; includeInIndex = 0; path = SinglePhotoApp.app; sourceTree = BUILT_PRODUCTS_DIR; };
		921771B522281F4800DE9E08 /* AppDelegate.swift */ = {isa = PBXFileReference; lastKnownFileType = sourcecode.swift; path = AppDelegate.swift; sourceTree = "<group>"; };
		921771B722281F4800DE9E08 /* ViewController.swift */ = {isa = PBXFileReference; lastKnownFileType = sourcecode.swift; path = ViewController.swift; sourceTree = "<group>"; };
		921771BA22281F4800DE9E08 /* Base */ = {isa = PBXFileReference; lastKnownFileType = file.storyboard; name = Base; path = Base.lproj/Main.storyboard; sourceTree = "<group>"; };
		921771BC22281F4900DE9E08 /* Assets.xcassets */ = {isa = PBXFileReference; lastKnownFileType = folder.assetcatalog; path = Assets.xcassets; sourceTree = "<group>"; };
		921771BF22281F4900DE9E08 /* Base */ = {isa = PBXFileReference; lastKnownFileType = file.storyboard; name = Base; path = Base.lproj/LaunchScreen.storyboard; sourceTree = "<group>"; };
		921771C122281F4900DE9E08 /* Info.plist */ = {isa = PBXFileReference; lastKnownFileType = text.plist.xml; path = Info.plist; sourceTree = "<group>"; };
		92CA8078222D489A00DEA0D2 /* Die Siedler V Das Erbe der Könige OST- Prophezeiungen.mp3 */ = {isa = PBXFileReference; lastKnownFileType = audio.mp3; path = "Die Siedler V Das Erbe der Könige OST- Prophezeiungen.mp3"; sourceTree = "<group>"; };
		92CA8079222D489B00DEA0D2 /* Die Siedler V Das Erbe der Könige OST- Das Heer aus dem Süden.mp3 */ = {isa = PBXFileReference; lastKnownFileType = audio.mp3; path = "Die Siedler V Das Erbe der Könige OST- Das Heer aus dem Süden.mp3"; sourceTree = "<group>"; };
		92CA807A222D489C00DEA0D2 /* Die Siedler V Das Erbe der Könige OST- Der schwarze Ritter.mp3 */ = {isa = PBXFileReference; lastKnownFileType = audio.mp3; path = "Die Siedler V Das Erbe der Könige OST- Der schwarze Ritter.mp3"; sourceTree = "<group>"; };
		92CA807B222D489C00DEA0D2 /* Die Siedler V Das Erbe der Könige OST- Norfolk.mp3 */ = {isa = PBXFileReference; lastKnownFileType = audio.mp3; path = "Die Siedler V Das Erbe der Könige OST- Norfolk.mp3"; sourceTree = "<group>"; };
		92CA807C222D489D00DEA0D2 /* Die Siedler V Das Erbe der Könige OST- Die Festung im schnee.mp3 */ = {isa = PBXFileReference; lastKnownFileType = audio.mp3; path = "Die Siedler V Das Erbe der Könige OST- Die Festung im schnee.mp3"; sourceTree = "<group>"; };
		92CA807D222D489E00DEA0D2 /* Die Siedler V Das Erbe der Könige OST- Reise gen Süden.mp3 */ = {isa = PBXFileReference; lastKnownFileType = audio.mp3; path = "Die Siedler V Das Erbe der Könige OST- Reise gen Süden.mp3"; sourceTree = "<group>"; };
		92CA807E222D489F00DEA0D2 /* Die Siedler V Das Erbe der Könige OST- Arbeit und Aufbau.mp3 */ = {isa = PBXFileReference; lastKnownFileType = audio.mp3; path = "Die Siedler V Das Erbe der Könige OST- Arbeit und Aufbau.mp3"; sourceTree = "<group>"; };
		92CA807F222D489F00DEA0D2 /* Die Siedler V Das Erbe der Könige OST- Willkommen in Cleycourt.mp3 */ = {isa = PBXFileReference; lastKnownFileType = audio.mp3; path = "Die Siedler V Das Erbe der Könige OST- Willkommen in Cleycourt.mp3"; sourceTree = "<group>"; };
		92CA8080222D48A000DEA0D2 /* Die Siedler V Das Erbe der Könige OST- Evelance.mp3 */ = {isa = PBXFileReference; lastKnownFileType = audio.mp3; path = "Die Siedler V Das Erbe der Könige OST- Evelance.mp3"; sourceTree = "<group>"; };
		92CA8081222D48A100DEA0D2 /* Die Siedler V Das Erbe der Könige OST- Darios Erbe.mp3 */ = {isa = PBXFileReference; lastKnownFileType = audio.mp3; path = "Die Siedler V Das Erbe der Könige OST- Darios Erbe.mp3"; sourceTree = "<group>"; };
		92CA8082222D48A100DEA0D2 /* Die Siedler V Das Erbe der Könige OST- Der Königliche Hof.mp3 */ = {isa = PBXFileReference; lastKnownFileType = audio.mp3; path = "Die Siedler V Das Erbe der Könige OST- Der Königliche Hof.mp3"; sourceTree = "<group>"; };
		92CA8083222D48A200DEA0D2 /* Die Siedler V Das Erbe der Könige OST- Im sicheren Hafen.mp3 */ = {isa = PBXFileReference; lastKnownFileType = audio.mp3; path = "Die Siedler V Das Erbe der Könige OST- Im sicheren Hafen.mp3"; sourceTree = "<group>"; };
		92CA8084222D48A300DEA0D2 /* Die Siedler V Das Erbe der Könige OST- Mary de Mortifechet.mp3 */ = {isa = PBXFileReference; lastKnownFileType = audio.mp3; path = "Die Siedler V Das Erbe der Könige OST- Mary de Mortifechet.mp3"; sourceTree = "<group>"; };
		92E34D4B222D219C006B954C /* Die Siedler V Das Erbe der Könige OST- Dario.mp3 */ = {isa = PBXFileReference; lastKnownFileType = audio.mp3; path = "Die Siedler V Das Erbe der Könige OST- Dario.mp3"; sourceTree = "<group>"; };
		92E34D4D222D2D5B006B954C /* Die Siedler V Das Erbe der Könige OST- Das Erbe der Könige.mp3 */ = {isa = PBXFileReference; lastKnownFileType = audio.mp3; path = "Die Siedler V Das Erbe der Könige OST- Das Erbe der Könige.mp3"; sourceTree = "<group>"; };
		92E34D4F222D2D9B006B954C /* Die Siedler V Das Erbe der Könige OST- Ein Dorf in Trümmern.mp3 */ = {isa = PBXFileReference; lastKnownFileType = audio.mp3; path = "Die Siedler V Das Erbe der Könige OST- Ein Dorf in Trümmern.mp3"; sourceTree = "<group>"; };
		92E34D51222D33BB006B954C /* UIView-Extension.swift */ = {isa = PBXFileReference; lastKnownFileType = sourcecode.swift; path = "UIView-Extension.swift"; sourceTree = "<group>"; };
/* End PBXFileReference section */

/* Begin PBXFrameworksBuildPhase section */
		921771AF22281F4800DE9E08 /* Frameworks */ = {
			isa = PBXFrameworksBuildPhase;
			buildActionMask = 2147483647;
			files = (
			);
			runOnlyForDeploymentPostprocessing = 0;
		};
/* End PBXFrameworksBuildPhase section */

/* Begin PBXGroup section */
		921771A922281F4800DE9E08 = {
			isa = PBXGroup;
			children = (
				921771B422281F4800DE9E08 /* SinglePhotoApp */,
				921771B322281F4800DE9E08 /* Products */,
			);
			sourceTree = "<group>";
		};
		921771B322281F4800DE9E08 /* Products */ = {
			isa = PBXGroup;
			children = (
				921771B222281F4800DE9E08 /* SinglePhotoApp.app */,
			);
			name = Products;
			sourceTree = "<group>";
		};
		921771B422281F4800DE9E08 /* SinglePhotoApp */ = {
			isa = PBXGroup;
			children = (
				92E34D4A222D217B006B954C /* Sounds */,
				921771B522281F4800DE9E08 /* AppDelegate.swift */,
				92E34D51222D33BB006B954C /* UIView-Extension.swift */,
				921771B722281F4800DE9E08 /* ViewController.swift */,
				921771B922281F4800DE9E08 /* Main.storyboard */,
				921771BC22281F4900DE9E08 /* Assets.xcassets */,
				921771BE22281F4900DE9E08 /* LaunchScreen.storyboard */,
				921771C122281F4900DE9E08 /* Info.plist */,
			);
			path = SinglePhotoApp;
			sourceTree = "<group>";
		};
		92E34D4A222D217B006B954C /* Sounds */ = {
			isa = PBXGroup;
			children = (
				92E34D4B222D219C006B954C /* Die Siedler V Das Erbe der Könige OST- Dario.mp3 */,
				92E34D4D222D2D5B006B954C /* Die Siedler V Das Erbe der Könige OST- Das Erbe der Könige.mp3 */,
				92E34D4F222D2D9B006B954C /* Die Siedler V Das Erbe der Könige OST- Ein Dorf in Trümmern.mp3 */,
				92CA807E222D489F00DEA0D2 /* Die Siedler V Das Erbe der Könige OST- Arbeit und Aufbau.mp3 */,
				92CA8081222D48A100DEA0D2 /* Die Siedler V Das Erbe der Könige OST- Darios Erbe.mp3 */,
				92CA8079222D489B00DEA0D2 /* Die Siedler V Das Erbe der Könige OST- Das Heer aus dem Süden.mp3 */,
				92CA8082222D48A100DEA0D2 /* Die Siedler V Das Erbe der Könige OST- Der Königliche Hof.mp3 */,
				92CA807A222D489C00DEA0D2 /* Die Siedler V Das Erbe der Könige OST- Der schwarze Ritter.mp3 */,
				92CA807C222D489D00DEA0D2 /* Die Siedler V Das Erbe der Könige OST- Die Festung im schnee.mp3 */,
				92CA8080222D48A000DEA0D2 /* Die Siedler V Das Erbe der Könige OST- Evelance.mp3 */,
				92CA8083222D48A200DEA0D2 /* Die Siedler V Das Erbe der Könige OST- Im sicheren Hafen.mp3 */,
				92CA8084222D48A300DEA0D2 /* Die Siedler V Das Erbe der Könige OST- Mary de Mortifechet.mp3 */,
				92CA807B222D489C00DEA0D2 /* Die Siedler V Das Erbe der Könige OST- Norfolk.mp3 */,
				92CA8078222D489A00DEA0D2 /* Die Siedler V Das Erbe der Könige OST- Prophezeiungen.mp3 */,
				92CA807D222D489E00DEA0D2 /* Die Siedler V Das Erbe der Könige OST- Reise gen Süden.mp3 */,
				92CA807F222D489F00DEA0D2 /* Die Siedler V Das Erbe der Könige OST- Willkommen in Cleycourt.mp3 */,
			);
			path = Sounds;
			sourceTree = "<group>";
		};
/* End PBXGroup section */

/* Begin PBXNativeTarget section */
		921771B122281F4800DE9E08 /* SinglePhotoApp */ = {
			isa = PBXNativeTarget;
			buildConfigurationList = 921771C422281F4900DE9E08 /* Build configuration list for PBXNativeTarget "SinglePhotoApp" */;
			buildPhases = (
				921771AE22281F4800DE9E08 /* Sources */,
				921771AF22281F4800DE9E08 /* Frameworks */,
				921771B022281F4800DE9E08 /* Resources */,
			);
			buildRules = (
			);
			dependencies = (
			);
			name = SinglePhotoApp;
			productName = SinglePhotoApp;
			productReference = 921771B222281F4800DE9E08 /* SinglePhotoApp.app */;
			productType = "com.apple.product-type.application";
		};
/* End PBXNativeTarget section */

/* Begin PBXProject section */
		921771AA22281F4800DE9E08 /* Project object */ = {
			isa = PBXProject;
			attributes = {
				LastSwiftUpdateCheck = 1010;
				LastUpgradeCheck = 1010;
				ORGANIZATIONNAME = "Henrik Peters";
				TargetAttributes = {
					921771B122281F4800DE9E08 = {
						CreatedOnToolsVersion = 10.1;
						LastSwiftMigration = 1020;
					};
				};
			};
			buildConfigurationList = 921771AD22281F4800DE9E08 /* Build configuration list for PBXProject "SinglePhotoApp" */;
			compatibilityVersion = "Xcode 9.3";
			developmentRegion = en;
			hasScannedForEncodings = 0;
			knownRegions = (
				en,
				Base,
			);
			mainGroup = 921771A922281F4800DE9E08;
			productRefGroup = 921771B322281F4800DE9E08 /* Products */;
			projectDirPath = "";
			projectRoot = "";
			targets = (
				921771B122281F4800DE9E08 /* SinglePhotoApp */,
			);
		};
/* End PBXProject section */

/* Begin PBXResourcesBuildPhase section */
		921771B022281F4800DE9E08 /* Resources */ = {
			isa = PBXResourcesBuildPhase;
			buildActionMask = 2147483647;
			files = (
				92CA808D222D48A300DEA0D2 /* Die Siedler V Das Erbe der Könige OST- Evelance.mp3 in Resources */,
				92CA8087222D48A300DEA0D2 /* Die Siedler V Das Erbe der Könige OST- Der schwarze Ritter.mp3 in Resources */,
				921771C022281F4900DE9E08 /* LaunchScreen.storyboard in Resources */,
				92CA8085222D48A300DEA0D2 /* Die Siedler V Das Erbe der Könige OST- Prophezeiungen.mp3 in Resources */,
				92E34D4E222D2D5B006B954C /* Die Siedler V Das Erbe der Könige OST- Das Erbe der Könige.mp3 in Resources */,
				92CA8091222D48A300DEA0D2 /* Die Siedler V Das Erbe der Könige OST- Mary de Mortifechet.mp3 in Resources */,
				92CA808C222D48A300DEA0D2 /* Die Siedler V Das Erbe der Könige OST- Willkommen in Cleycourt.mp3 in Resources */,
				92CA808A222D48A300DEA0D2 /* Die Siedler V Das Erbe der Könige OST- Reise gen Süden.mp3 in Resources */,
				921771BD22281F4900DE9E08 /* Assets.xcassets in Resources */,
				92CA8089222D48A300DEA0D2 /* Die Siedler V Das Erbe der Könige OST- Die Festung im schnee.mp3 in Resources */,
				92CA8090222D48A300DEA0D2 /* Die Siedler V Das Erbe der Könige OST- Im sicheren Hafen.mp3 in Resources */,
				92CA8088222D48A300DEA0D2 /* Die Siedler V Das Erbe der Könige OST- Norfolk.mp3 in Resources */,
				92CA8086222D48A300DEA0D2 /* Die Siedler V Das Erbe der Könige OST- Das Heer aus dem Süden.mp3 in Resources */,
				921771BB22281F4800DE9E08 /* Main.storyboard in Resources */,
				92CA808F222D48A300DEA0D2 /* Die Siedler V Das Erbe der Könige OST- Der Königliche Hof.mp3 in Resources */,
				92E34D50222D2D9B006B954C /* Die Siedler V Das Erbe der Könige OST- Ein Dorf in Trümmern.mp3 in Resources */,
				92E34D4C222D219C006B954C /* Die Siedler V Das Erbe der Könige OST- Dario.mp3 in Resources */,
				92CA808E222D48A300DEA0D2 /* Die Siedler V Das Erbe der Könige OST- Darios Erbe.mp3 in Resources */,
				92CA808B222D48A300DEA0D2 /* Die Siedler V Das Erbe der Könige OST- Arbeit und Aufbau.mp3 in Resources */,
			);
			runOnlyForDeploymentPostprocessing = 0;
		};
/* End PBXResourcesBuildPhase section */

/* Begin PBXSourcesBuildPhase section */
		921771AE22281F4800DE9E08 /* Sources */ = {
			isa = PBXSourcesBuildPhase;
			buildActionMask = 2147483647;
			files = (
				92E34D52222D33BB006B954C /* UIView-Extension.swift in Sources */,
				921771B822281F4800DE9E08 /* ViewController.swift in Sources */,
				921771B622281F4800DE9E08 /* AppDelegate.swift in Sources */,
			);
			runOnlyForDeploymentPostprocessing = 0;
		};
/* End PBXSourcesBuildPhase section */

/* Begin PBXVariantGroup section */
		921771B922281F4800DE9E08 /* Main.storyboard */ = {
			isa = PBXVariantGroup;
			children = (
				921771BA22281F4800DE9E08 /* Base */,
			);
			name = Main.storyboard;
			sourceTree = "<group>";
		};
		921771BE22281F4900DE9E08 /* LaunchScreen.storyboard */ = {
			isa = PBXVariantGroup;
			children = (
				921771BF22281F4900DE9E08 /* Base */,
			);
			name = LaunchScreen.storyboard;
			sourceTree = "<group>";
		};
/* End PBXVariantGroup section */

/* Begin XCBuildConfiguration section */
		921771C222281F4900DE9E08 /* Debug */ = {
			isa = XCBuildConfiguration;
			buildSettings = {
				ALWAYS_SEARCH_USER_PATHS = NO;
				CLANG_ANALYZER_NONNULL = YES;
				CLANG_ANALYZER_NUMBER_OBJECT_CONVERSION = YES_AGGRESSIVE;
				CLANG_CXX_LANGUAGE_STANDARD = "gnu++14";
				CLANG_CXX_LIBRARY = "libc++";
				CLANG_ENABLE_MODULES = YES;
				CLANG_ENABLE_OBJC_ARC = YES;
				CLANG_ENABLE_OBJC_WEAK = YES;
				CLANG_WARN_BLOCK_CAPTURE_AUTORELEASING = YES;
				CLANG_WARN_BOOL_CONVERSION = YES;
				CLANG_WARN_COMMA = YES;
				CLANG_WARN_CONSTANT_CONVERSION = YES;
				CLANG_WARN_DEPRECATED_OBJC_IMPLEMENTATIONS = YES;
				CLANG_WARN_DIRECT_OBJC_ISA_USAGE = YES_ERROR;
				CLANG_WARN_DOCUMENTATION_COMMENTS = YES;
				CLANG_WARN_EMPTY_BODY = YES;
				CLANG_WARN_ENUM_CONVERSION = YES;
				CLANG_WARN_INFINITE_RECURSION = YES;
				CLANG_WARN_INT_CONVERSION = YES;
				CLANG_WARN_NON_LITERAL_NULL_CONVERSION = YES;
				CLANG_WARN_OBJC_IMPLICIT_RETAIN_SELF = YES;
				CLANG_WARN_OBJC_LITERAL_CONVERSION = YES;
				CLANG_WARN_OBJC_ROOT_CLASS = YES_ERROR;
				CLANG_WARN_RANGE_LOOP_ANALYSIS = YES;
				CLANG_WARN_STRICT_PROTOTYPES = YES;
				CLANG_WARN_SUSPICIOUS_MOVE = YES;
				CLANG_WARN_UNGUARDED_AVAILABILITY = YES_AGGRESSIVE;
				CLANG_WARN_UNREACHABLE_CODE = YES;
				CLANG_WARN__DUPLICATE_METHOD_MATCH = YES;
				CODE_SIGN_IDENTITY = "iPhone Developer";
				COPY_PHASE_STRIP = NO;
				DEBUG_INFORMATION_FORMAT = dwarf;
				ENABLE_STRICT_OBJC_MSGSEND = YES;
				ENABLE_TESTABILITY = YES;
				GCC_C_LANGUAGE_STANDARD = gnu11;
				GCC_DYNAMIC_NO_PIC = NO;
				GCC_NO_COMMON_BLOCKS = YES;
				GCC_OPTIMIZATION_LEVEL = 0;
				GCC_PREPROCESSOR_DEFINITIONS = (
					"DEBUG=1",
					"$(inherited)",
				);
				GCC_WARN_64_TO_32_BIT_CONVERSION = YES;
				GCC_WARN_ABOUT_RETURN_TYPE = YES_ERROR;
				GCC_WARN_UNDECLARED_SELECTOR = YES;
				GCC_WARN_UNINITIALIZED_AUTOS = YES_AGGRESSIVE;
				GCC_WARN_UNUSED_FUNCTION = YES;
				GCC_WARN_UNUSED_VARIABLE = YES;
				IPHONEOS_DEPLOYMENT_TARGET = 12.1;
				MTL_ENABLE_DEBUG_INFO = INCLUDE_SOURCE;
				MTL_FAST_MATH = YES;
				ONLY_ACTIVE_ARCH = YES;
				SDKROOT = iphoneos;
				SWIFT_ACTIVE_COMPILATION_CONDITIONS = DEBUG;
				SWIFT_OPTIMIZATION_LEVEL = "-Onone";
			};
			name = Debug;
		};
		921771C322281F4900DE9E08 /* Release */ = {
			isa = XCBuildConfiguration;
			buildSettings = {
				ALWAYS_SEARCH_USER_PATHS = NO;
				CLANG_ANALYZER_NONNULL = YES;
				CLANG_ANALYZER_NUMBER_OBJECT_CONVERSION = YES_AGGRESSIVE;
				CLANG_CXX_LANGUAGE_STANDARD = "gnu++14";
				CLANG_CXX_LIBRARY = "libc++";
				CLANG_ENABLE_MODULES = YES;
				CLANG_ENABLE_OBJC_ARC = YES;
				CLANG_ENABLE_OBJC_WEAK = YES;
				CLANG_WARN_BLOCK_CAPTURE_AUTORELEASING = YES;
				CLANG_WARN_BOOL_CONVERSION = YES;
				CLANG_WARN_COMMA = YES;
				CLANG_WARN_CONSTANT_CONVERSION = YES;
				CLANG_WARN_DEPRECATED_OBJC_IMPLEMENTATIONS = YES;
				CLANG_WARN_DIRECT_OBJC_ISA_USAGE = YES_ERROR;
				CLANG_WARN_DOCUMENTATION_COMMENTS = YES;
				CLANG_WARN_EMPTY_BODY = YES;
				CLANG_WARN_ENUM_CONVERSION = YES;
				CLANG_WARN_INFINITE_RECURSION = YES;
				CLANG_WARN_INT_CONVERSION = YES;
				CLANG_WARN_NON_LITERAL_NULL_CONVERSION = YES;
				CLANG_WARN_OBJC_IMPLICIT_RETAIN_SELF = YES;
				CLANG_WARN_OBJC_LITERAL_CONVERSION = YES;
				CLANG_WARN_OBJC_ROOT_CLASS = YES_ERROR;
				CLANG_WARN_RANGE_LOOP_ANALYSIS = YES;
				CLANG_WARN_STRICT_PROTOTYPES = YES;
				CLANG_WARN_SUSPICIOUS_MOVE = YES;
				CLANG_WARN_UNGUARDED_AVAILABILITY = YES_AGGRESSIVE;
				CLANG_WARN_UNREACHABLE_CODE = YES;
				CLANG_WARN__DUPLICATE_METHOD_MATCH = YES;
				CODE_SIGN_IDENTITY = "iPhone Developer";
				COPY_PHASE_STRIP = NO;
				DEBUG_INFORMATION_FORMAT = "dwarf-with-dsym";
				ENABLE_NS_ASSERTIONS = NO;
				ENABLE_STRICT_OBJC_MSGSEND = YES;
				GCC_C_LANGUAGE_STANDARD = gnu11;
				GCC_NO_COMMON_BLOCKS = YES;
				GCC_WARN_64_TO_32_BIT_CONVERSION = YES;
				GCC_WARN_ABOUT_RETURN_TYPE = YES_ERROR;
				GCC_WARN_UNDECLARED_SELECTOR = YES;
				GCC_WARN_UNINITIALIZED_AUTOS = YES_AGGRESSIVE;
				GCC_WARN_UNUSED_FUNCTION = YES;
				GCC_WARN_UNUSED_VARIABLE = YES;
				IPHONEOS_DEPLOYMENT_TARGET = 12.1;
				MTL_ENABLE_DEBUG_INFO = NO;
				MTL_FAST_MATH = YES;
				SDKROOT = iphoneos;
				SWIFT_COMPILATION_MODE = wholemodule;
				SWIFT_OPTIMIZATION_LEVEL = "-O";
				VALIDATE_PRODUCT = YES;
			};
			name = Release;
		};
		921771C522281F4900DE9E08 /* Debug */ = {
			isa = XCBuildConfiguration;
			buildSettings = {
				ASSETCATALOG_COMPILER_APPICON_NAME = AppIcon;
				CODE_SIGN_STYLE = Automatic;
				DEVELOPMENT_TEAM = 75XV86RWXL;
				INFOPLIST_FILE = SinglePhotoApp/Info.plist;
				LD_RUNPATH_SEARCH_PATHS = (
					"$(inherited)",
					"@executable_path/Frameworks",
				);
				PRODUCT_BUNDLE_IDENTIFIER = com.example.SinglePhotoApp;
				PRODUCT_NAME = "$(TARGET_NAME)";
				SWIFT_VERSION = 5.0;
				TARGETED_DEVICE_FAMILY = 1;
			};
			name = Debug;
		};
		921771C622281F4900DE9E08 /* Release */ = {
			isa = XCBuildConfiguration;
			buildSettings = {
				ASSETCATALOG_COMPILER_APPICON_NAME = AppIcon;
				CODE_SIGN_STYLE = Automatic;
				DEVELOPMENT_TEAM = 75XV86RWXL;
				INFOPLIST_FILE = SinglePhotoApp/Info.plist;
				LD_RUNPATH_SEARCH_PATHS = (
					"$(inherited)",
					"@executable_path/Frameworks",
				);
				PRODUCT_BUNDLE_IDENTIFIER = com.example.SinglePhotoApp;
				PRODUCT_NAME = "$(TARGET_NAME)";
				SWIFT_VERSION = 5.0;
				TARGETED_DEVICE_FAMILY = 1;
			};
			name = Release;
		};
/* End XCBuildConfiguration section */

/* Begin XCConfigurationList section */
		921771AD22281F4800DE9E08 /* Build configuration list for PBXProject "SinglePhotoApp" */ = {
			isa = XCConfigurationList;
			buildConfigurations = (
				921771C222281F4900DE9E08 /* Debug */,
				921771C322281F4900DE9E08 /* Release */,
			);
			defaultConfigurationIsVisible = 0;
			defaultConfigurationName = Release;
		};
		921771C422281F4900DE9E08 /* Build configuration list for PBXNativeTarget "SinglePhotoApp" */ = {
			isa = XCConfigurationList;
			buildConfigurations = (
				921771C522281F4900DE9E08 /* Debug */,
				921771C622281F4900DE9E08 /* Release */,
			);
			defaultConfigurationIsVisible = 0;
			defaultConfigurationName = Release;
		};
/* End XCConfigurationList section */
	};
	rootObject = 921771AA22281F4800DE9E08 /* Project object */;
}
